{
  "name": "database_manager_api",
  "version": "1.0.0",
  "lockfileVersion": 1,
  "requires": true,
  "dependencies": {
    "commander": {
      "version": "2.20.3",
      "resolved": "https://registry.npmjs.org/commander/-/commander-2.20.3.tgz",
      "integrity": "sha512-GpVkmM8vF2vQUkj2LvZmD35JxeJOLCwJ9cUkugyk2nuhbv3+mJvpLYYt+0+USMxE+oj+ey/lJEnhZw75x/OMcQ==",
      "dev": true
    },
    "tree-node-cli": {
      "version": "1.2.5",
      "resolved": "https://registry.npmjs.org/tree-node-cli/-/tree-node-cli-1.2.5.tgz",
      "integrity": "sha512-Yhv4bfLa3WYdJLS4FkCj0h72duPGMUjC6Ld8eBlT9BA3CfjeQyHNBfgtzQvDrw1OkQva2JSpUyslZHuweCRtGQ==",
      "dev": true,
      "requires": {
        "commander": "^2.15.1"
      }
    }
  }
}
